// !$*UTF8*$!
{
	archiveVersion = 1;
	classes = {
	};
	objectVersion = 55;
	objects = {

/* Begin PBXBuildFile section */
		BF2970C42891756B005F00DE /* StoreKit.framework in Frameworks */ = {isa = PBXBuildFile; fileRef = BF2970C32891756B005F00DE /* StoreKit.framework */; };
		BF632A92287CACF200D89D44 /* Bookmarks.swift in Sources */ = {isa = PBXBuildFile; fileRef = BF632A91287CACF200D89D44 /* Bookmarks.swift */; };
		BF632A94287CB0CC00D89D44 /* BookmarksView.swift in Sources */ = {isa = PBXBuildFile; fileRef = BF632A93287CB0CC00D89D44 /* BookmarksView.swift */; };
		BF6889B1287F02BB00904C32 /* Italiano.json in Resources */ = {isa = PBXBuildFile; fileRef = BF6889B0287F02BB00904C32 /* Italiano.json */; };
		BF6889B3287F083100904C32 /* Converters.swift in Sources */ = {isa = PBXBuildFile; fileRef = BF6889B2287F083100904C32 /* Converters.swift */; };
		BF68FEE228A2C752005C6AA1 /* Français.json in Resources */ = {isa = PBXBuildFile; fileRef = BF68FEE128A2C752005C6AA1 /* Français.json */; };
		BF68FEE428A2C947005C6AA1 /* Deutsche.json in Resources */ = {isa = PBXBuildFile; fileRef = BF68FEE328A2C947005C6AA1 /* Deutsche.json */; };
		BF7A0066287DF97D005E8B2C /* ICAO.json in Resources */ = {isa = PBXBuildFile; fileRef = BF7A0065287DF97D005E8B2C /* ICAO.json */; };
		BF7A0069287E0196005E8B2C /* Converters.json in Resources */ = {isa = PBXBuildFile; fileRef = BF7A0068287E0196005E8B2C /* Converters.json */; };
		BF7A006B287E0527005E8B2C /* ConvertersView.swift in Sources */ = {isa = PBXBuildFile; fileRef = BF7A006A287E0527005E8B2C /* ConvertersView.swift */; };
		BF7A006D287E1411005E8B2C /* ConverterView.swift in Sources */ = {isa = PBXBuildFile; fileRef = BF7A006C287E1411005E8B2C /* ConverterView.swift */; };
		BF805C05287AE30200AA6E8F /* LetterView.swift in Sources */ = {isa = PBXBuildFile; fileRef = BF805C04287AE30200AA6E8F /* LetterView.swift */; };
		BF805C0C287B0FBC00AA6E8F /* LetterGrid.swift in Sources */ = {isa = PBXBuildFile; fileRef = BF805C0B287B0FBC00AA6E8F /* LetterGrid.swift */; };
		BF805C0E287B27A900AA6E8F /* SettingsView.swift in Sources */ = {isa = PBXBuildFile; fileRef = BF805C0D287B27A900AA6E8F /* SettingsView.swift */; };
		BF838C482888A1F5003A26F2 /* Bokstavering.json in Resources */ = {isa = PBXBuildFile; fileRef = BF838C472888A1F5003A26F2 /* Bokstavering.json */; };
		BFB3811528873A67002E6428 /* Purchasings.swift in Sources */ = {isa = PBXBuildFile; fileRef = BFB3811428873A67002E6428 /* Purchasings.swift */; };
		BFB3811828873E8F002E6428 /* RevenueCat in Frameworks */ = {isa = PBXBuildFile; productRef = BFB3811728873E8F002E6428 /* RevenueCat */; };
		BFB92DD028804B1000F1F93C /* BookmarkGrid.swift in Sources */ = {isa = PBXBuildFile; fileRef = BFB92DCF28804B1000F1F93C /* BookmarkGrid.swift */; };
		BFD2BB4D28763D77005FCAF2 /* SpellinglyApp.swift in Sources */ = {isa = PBXBuildFile; fileRef = BFD2BB4C28763D77005FCAF2 /* SpellinglyApp.swift */; };
		BFD2BB4F28763D77005FCAF2 /* ContentView.swift in Sources */ = {isa = PBXBuildFile; fileRef = BFD2BB4E28763D77005FCAF2 /* ContentView.swift */; };
		BFD2BB5128763D7A005FCAF2 /* Assets.xcassets in Resources */ = {isa = PBXBuildFile; fileRef = BFD2BB5028763D7A005FCAF2 /* Assets.xcassets */; };
		BFD2BB5428763D7A005FCAF2 /* Preview Assets.xcassets in Resources */ = {isa = PBXBuildFile; fileRef = BFD2BB5328763D7A005FCAF2 /* Preview Assets.xcassets */; };
		BFD75FA928873FF400612C01 /* PurchasingsView.swift in Sources */ = {isa = PBXBuildFile; fileRef = BFD75FA828873FF400612C01 /* PurchasingsView.swift */; };
		BFEBFD872882D8D90087A244 /* EmptyView.swift in Sources */ = {isa = PBXBuildFile; fileRef = BFEBFD862882D8D90087A244 /* EmptyView.swift */; };
/* End PBXBuildFile section */

/* Begin PBXFileReference section */
		BF2970C32891756B005F00DE /* StoreKit.framework */ = {isa = PBXFileReference; lastKnownFileType = wrapper.framework; name = StoreKit.framework; path = System/Library/Frameworks/StoreKit.framework; sourceTree = SDKROOT; };
		BF632A91287CACF200D89D44 /* Bookmarks.swift */ = {isa = PBXFileReference; lastKnownFileType = sourcecode.swift; path = Bookmarks.swift; sourceTree = "<group>"; };
		BF632A93287CB0CC00D89D44 /* BookmarksView.swift */ = {isa = PBXFileReference; lastKnownFileType = sourcecode.swift; path = BookmarksView.swift; sourceTree = "<group>"; };
		BF6889B0287F02BB00904C32 /* Italiano.json */ = {isa = PBXFileReference; lastKnownFileType = text.json; path = Italiano.json; sourceTree = "<group>"; };
		BF6889B2287F083100904C32 /* Converters.swift */ = {isa = PBXFileReference; lastKnownFileType = sourcecode.swift; path = Converters.swift; sourceTree = "<group>"; };
		BF68FEE128A2C752005C6AA1 /* Français.json */ = {isa = PBXFileReference; lastKnownFileType = text.json; path = "Français.json"; sourceTree = "<group>"; };
		BF68FEE328A2C947005C6AA1 /* Deutsche.json */ = {isa = PBXFileReference; lastKnownFileType = text.json; path = Deutsche.json; sourceTree = "<group>"; };
		BF7A0065287DF97D005E8B2C /* ICAO.json */ = {isa = PBXFileReference; lastKnownFileType = text.json; path = ICAO.json; sourceTree = "<group>"; };
		BF7A0068287E0196005E8B2C /* Converters.json */ = {isa = PBXFileReference; lastKnownFileType = text.json; path = Converters.json; sourceTree = "<group>"; };
		BF7A006A287E0527005E8B2C /* ConvertersView.swift */ = {isa = PBXFileReference; lastKnownFileType = sourcecode.swift; path = ConvertersView.swift; sourceTree = "<group>"; };
		BF7A006C287E1411005E8B2C /* ConverterView.swift */ = {isa = PBXFileReference; lastKnownFileType = sourcecode.swift; path = ConverterView.swift; sourceTree = "<group>"; };
		BF805C04287AE30200AA6E8F /* LetterView.swift */ = {isa = PBXFileReference; lastKnownFileType = sourcecode.swift; path = LetterView.swift; sourceTree = "<group>"; };
		BF805C0B287B0FBC00AA6E8F /* LetterGrid.swift */ = {isa = PBXFileReference; lastKnownFileType = sourcecode.swift; path = LetterGrid.swift; sourceTree = "<group>"; };
		BF805C0D287B27A900AA6E8F /* SettingsView.swift */ = {isa = PBXFileReference; lastKnownFileType = sourcecode.swift; path = SettingsView.swift; sourceTree = "<group>"; };
		BF838C472888A1F5003A26F2 /* Bokstavering.json */ = {isa = PBXFileReference; lastKnownFileType = text.json; path = Bokstavering.json; sourceTree = "<group>"; };
		BFB3811428873A67002E6428 /* Purchasings.swift */ = {isa = PBXFileReference; lastKnownFileType = sourcecode.swift; path = Purchasings.swift; sourceTree = "<group>"; };
		BFB92DCF28804B1000F1F93C /* BookmarkGrid.swift */ = {isa = PBXFileReference; lastKnownFileType = sourcecode.swift; path = BookmarkGrid.swift; sourceTree = "<group>"; };
		BFD2BB4928763D77005FCAF2 /* Spellingly.app */ = {isa = PBXFileReference; explicitFileType = wrapper.application; includeInIndex = 0; path = Spellingly.app; sourceTree = BUILT_PRODUCTS_DIR; };
		BFD2BB4C28763D77005FCAF2 /* SpellinglyApp.swift */ = {isa = PBXFileReference; lastKnownFileType = sourcecode.swift; path = SpellinglyApp.swift; sourceTree = "<group>"; };
		BFD2BB4E28763D77005FCAF2 /* ContentView.swift */ = {isa = PBXFileReference; lastKnownFileType = sourcecode.swift; path = ContentView.swift; sourceTree = "<group>"; };
		BFD2BB5028763D7A005FCAF2 /* Assets.xcassets */ = {isa = PBXFileReference; lastKnownFileType = folder.assetcatalog; path = Assets.xcassets; sourceTree = "<group>"; };
		BFD2BB5328763D7A005FCAF2 /* Preview Assets.xcassets */ = {isa = PBXFileReference; lastKnownFileType = folder.assetcatalog; path = "Preview Assets.xcassets"; sourceTree = "<group>"; };
		BFD75FA828873FF400612C01 /* PurchasingsView.swift */ = {isa = PBXFileReference; lastKnownFileType = sourcecode.swift; path = PurchasingsView.swift; sourceTree = "<group>"; };
		BFEBFD862882D8D90087A244 /* EmptyView.swift */ = {isa = PBXFileReference; lastKnownFileType = sourcecode.swift; path = EmptyView.swift; sourceTree = "<group>"; };
/* End PBXFileReference section */

/* Begin PBXFrameworksBuildPhase section */
		BFD2BB4628763D77005FCAF2 /* Frameworks */ = {
			isa = PBXFrameworksBuildPhase;
			buildActionMask = 2147483647;
			files = (
				BFB3811828873E8F002E6428 /* RevenueCat in Frameworks */,
				BF2970C42891756B005F00DE /* StoreKit.framework in Frameworks */,
			);
			runOnlyForDeploymentPostprocessing = 0;
		};
/* End PBXFrameworksBuildPhase section */

/* Begin PBXGroup section */
		BF2970C22891756B005F00DE /* Frameworks */ = {
			isa = PBXGroup;
			children = (
				BF2970C32891756B005F00DE /* StoreKit.framework */,
			);
			name = Frameworks;
			sourceTree = "<group>";
		};
		BF7A0067287DFBB3005E8B2C /* Converters */ = {
			isa = PBXGroup;
			children = (
				BF7A0065287DF97D005E8B2C /* ICAO.json */,
				BF7A0068287E0196005E8B2C /* Converters.json */,
				BF6889B0287F02BB00904C32 /* Italiano.json */,
				BF838C472888A1F5003A26F2 /* Bokstavering.json */,
				BF68FEE128A2C752005C6AA1 /* Français.json */,
				BF68FEE328A2C947005C6AA1 /* Deutsche.json */,
			);
			path = Converters;
			sourceTree = "<group>";
		};
		BFD2BB4028763D77005FCAF2 = {
			isa = PBXGroup;
			children = (
				BFD2BB4B28763D77005FCAF2 /* Spellingly */,
				BFD2BB4A28763D77005FCAF2 /* Products */,
				BF2970C22891756B005F00DE /* Frameworks */,
			);
			sourceTree = "<group>";
		};
		BFD2BB4A28763D77005FCAF2 /* Products */ = {
			isa = PBXGroup;
			children = (
				BFD2BB4928763D77005FCAF2 /* Spellingly.app */,
			);
			name = Products;
			sourceTree = "<group>";
		};
		BFD2BB4B28763D77005FCAF2 /* Spellingly */ = {
			isa = PBXGroup;
			children = (
				BFD2BB4C28763D77005FCAF2 /* SpellinglyApp.swift */,
				BFD2BB4E28763D77005FCAF2 /* ContentView.swift */,
				BF7A006A287E0527005E8B2C /* ConvertersView.swift */,
				BF7A006C287E1411005E8B2C /* ConverterView.swift */,
				BF7A0067287DFBB3005E8B2C /* Converters */,
				BF632A91287CACF200D89D44 /* Bookmarks.swift */,
				BF6889B2287F083100904C32 /* Converters.swift */,
				BF805C0D287B27A900AA6E8F /* SettingsView.swift */,
				BFB3811428873A67002E6428 /* Purchasings.swift */,
				BFD75FA828873FF400612C01 /* PurchasingsView.swift */,
				BF632A93287CB0CC00D89D44 /* BookmarksView.swift */,
				BFEBFD862882D8D90087A244 /* EmptyView.swift */,
				BF805C0B287B0FBC00AA6E8F /* LetterGrid.swift */,
				BFB92DCF28804B1000F1F93C /* BookmarkGrid.swift */,
				BF805C04287AE30200AA6E8F /* LetterView.swift */,
				BFD2BB5028763D7A005FCAF2 /* Assets.xcassets */,
				BFD2BB5228763D7A005FCAF2 /* Preview Content */,
			);
			path = Spellingly;
			sourceTree = "<group>";
		};
		BFD2BB5228763D7A005FCAF2 /* Preview Content */ = {
			isa = PBXGroup;
			children = (
				BFD2BB5328763D7A005FCAF2 /* Preview Assets.xcassets */,
			);
			path = "Preview Content";
			sourceTree = "<group>";
		};
/* End PBXGroup section */

/* Begin PBXNativeTarget section */
		BFD2BB4828763D77005FCAF2 /* Spellingly */ = {
			isa = PBXNativeTarget;
			buildConfigurationList = BFD2BB5728763D7A005FCAF2 /* Build configuration list for PBXNativeTarget "Spellingly" */;
			buildPhases = (
				BFD2BB4528763D77005FCAF2 /* Sources */,
				BFD2BB4628763D77005FCAF2 /* Frameworks */,
				BFD2BB4728763D77005FCAF2 /* Resources */,
			);
			buildRules = (
			);
			dependencies = (
			);
			name = Spellingly;
			packageProductDependencies = (
				BFB3811728873E8F002E6428 /* RevenueCat */,
			);
			productName = Lettery;
			productReference = BFD2BB4928763D77005FCAF2 /* Spellingly.app */;
			productType = "com.apple.product-type.application";
		};
/* End PBXNativeTarget section */

/* Begin PBXProject section */
		BFD2BB4128763D77005FCAF2 /* Project object */ = {
			isa = PBXProject;
			attributes = {
				BuildIndependentTargetsInParallel = 1;
				LastSwiftUpdateCheck = 1340;
				LastUpgradeCheck = 1340;
				TargetAttributes = {
					BFD2BB4828763D77005FCAF2 = {
						CreatedOnToolsVersion = 13.4.1;
					};
				};
			};
			buildConfigurationList = BFD2BB4428763D77005FCAF2 /* Build configuration list for PBXProject "Spellingly" */;
			compatibilityVersion = "Xcode 13.0";
			developmentRegion = en;
			hasScannedForEncodings = 0;
			knownRegions = (
				en,
				Base,
			);
			mainGroup = BFD2BB4028763D77005FCAF2;
			packageReferences = (
				BFB3811628873E8F002E6428 /* XCRemoteSwiftPackageReference "purchases-ios" */,
			);
			productRefGroup = BFD2BB4A28763D77005FCAF2 /* Products */;
			projectDirPath = "";
			projectRoot = "";
			targets = (
				BFD2BB4828763D77005FCAF2 /* Spellingly */,
			);
		};
/* End PBXProject section */

/* Begin PBXResourcesBuildPhase section */
		BFD2BB4728763D77005FCAF2 /* Resources */ = {
			isa = PBXResourcesBuildPhase;
			buildActionMask = 2147483647;
			files = (
				BF7A0066287DF97D005E8B2C /* ICAO.json in Resources */,
				BFD2BB5428763D7A005FCAF2 /* Preview Assets.xcassets in Resources */,
				BF68FEE428A2C947005C6AA1 /* Deutsche.json in Resources */,
				BF68FEE228A2C752005C6AA1 /* Français.json in Resources */,
				BF6889B1287F02BB00904C32 /* Italiano.json in Resources */,
				BF838C482888A1F5003A26F2 /* Bokstavering.json in Resources */,
				BF7A0069287E0196005E8B2C /* Converters.json in Resources */,
				BFD2BB5128763D7A005FCAF2 /* Assets.xcassets in Resources */,
			);
			runOnlyForDeploymentPostprocessing = 0;
		};
/* End PBXResourcesBuildPhase section */

/* Begin PBXSourcesBuildPhase section */
		BFD2BB4528763D77005FCAF2 /* Sources */ = {
			isa = PBXSourcesBuildPhase;
			buildActionMask = 2147483647;
			files = (
				BF7A006D287E1411005E8B2C /* ConverterView.swift in Sources */,
				BF805C0E287B27A900AA6E8F /* SettingsView.swift in Sources */,
				BFD2BB4F28763D77005FCAF2 /* ContentView.swift in Sources */,
				BF632A94287CB0CC00D89D44 /* BookmarksView.swift in Sources */,
				BFD75FA928873FF400612C01 /* PurchasingsView.swift in Sources */,
				BFEBFD872882D8D90087A244 /* EmptyView.swift in Sources */,
				BFB92DD028804B1000F1F93C /* BookmarkGrid.swift in Sources */,
				BF805C0C287B0FBC00AA6E8F /* LetterGrid.swift in Sources */,
				BF805C05287AE30200AA6E8F /* LetterView.swift in Sources */,
				BFD2BB4D28763D77005FCAF2 /* SpellinglyApp.swift in Sources */,
				BF7A006B287E0527005E8B2C /* ConvertersView.swift in Sources */,
				BF6889B3287F083100904C32 /* Converters.swift in Sources */,
				BFB3811528873A67002E6428 /* Purchasings.swift in Sources */,
				BF632A92287CACF200D89D44 /* Bookmarks.swift in Sources */,
			);
			runOnlyForDeploymentPostprocessing = 0;
		};
/* End PBXSourcesBuildPhase section */

/* Begin XCBuildConfiguration section */
		BFD2BB5528763D7A005FCAF2 /* Debug */ = {
			isa = XCBuildConfiguration;
			buildSettings = {
				ALWAYS_SEARCH_USER_PATHS = NO;
				CLANG_ANALYZER_NONNULL = YES;
				CLANG_ANALYZER_NUMBER_OBJECT_CONVERSION = YES_AGGRESSIVE;
				CLANG_CXX_LANGUAGE_STANDARD = "gnu++17";
				CLANG_ENABLE_MODULES = YES;
				CLANG_ENABLE_OBJC_ARC = YES;
				CLANG_ENABLE_OBJC_WEAK = YES;
				CLANG_WARN_BLOCK_CAPTURE_AUTORELEASING = YES;
				CLANG_WARN_BOOL_CONVERSION = YES;
				CLANG_WARN_COMMA = YES;
				CLANG_WARN_CONSTANT_CONVERSION = YES;
				CLANG_WARN_DEPRECATED_OBJC_IMPLEMENTATIONS = YES;
				CLANG_WARN_DIRECT_OBJC_ISA_USAGE = YES_ERROR;
				CLANG_WARN_DOCUMENTATION_COMMENTS = YES;
				CLANG_WARN_EMPTY_BODY = YES;
				CLANG_WARN_ENUM_CONVERSION = YES;
				CLANG_WARN_INFINITE_RECURSION = YES;
				CLANG_WARN_INT_CONVERSION = YES;
				CLANG_WARN_NON_LITERAL_NULL_CONVERSION = YES;
				CLANG_WARN_OBJC_IMPLICIT_RETAIN_SELF = YES;
				CLANG_WARN_OBJC_LITERAL_CONVERSION = YES;
				CLANG_WARN_OBJC_ROOT_CLASS = YES_ERROR;
				CLANG_WARN_QUOTED_INCLUDE_IN_FRAMEWORK_HEADER = YES;
				CLANG_WARN_RANGE_LOOP_ANALYSIS = YES;
				CLANG_WARN_STRICT_PROTOTYPES = YES;
				CLANG_WARN_SUSPICIOUS_MOVE = YES;
				CLANG_WARN_UNGUARDED_AVAILABILITY = YES_AGGRESSIVE;
				CLANG_WARN_UNREACHABLE_CODE = YES;
				CLANG_WARN__DUPLICATE_METHOD_MATCH = YES;
				COPY_PHASE_STRIP = NO;
				DEBUG_INFORMATION_FORMAT = dwarf;
				ENABLE_STRICT_OBJC_MSGSEND = YES;
				ENABLE_TESTABILITY = YES;
				GCC_C_LANGUAGE_STANDARD = gnu11;
				GCC_DYNAMIC_NO_PIC = NO;
				GCC_NO_COMMON_BLOCKS = YES;
				GCC_OPTIMIZATION_LEVEL = 0;
				GCC_PREPROCESSOR_DEFINITIONS = (
					"DEBUG=1",
					"$(inherited)",
				);
				GCC_WARN_64_TO_32_BIT_CONVERSION = YES;
				GCC_WARN_ABOUT_RETURN_TYPE = YES_ERROR;
				GCC_WARN_UNDECLARED_SELECTOR = YES;
				GCC_WARN_UNINITIALIZED_AUTOS = YES_AGGRESSIVE;
				GCC_WARN_UNUSED_FUNCTION = YES;
				GCC_WARN_UNUSED_VARIABLE = YES;
				IPHONEOS_DEPLOYMENT_TARGET = 15.5;
				MTL_ENABLE_DEBUG_INFO = INCLUDE_SOURCE;
				MTL_FAST_MATH = YES;
				ONLY_ACTIVE_ARCH = YES;
				SDKROOT = iphoneos;
				SWIFT_ACTIVE_COMPILATION_CONDITIONS = DEBUG;
				SWIFT_OPTIMIZATION_LEVEL = "-Onone";
			};
			name = Debug;
		};
		BFD2BB5628763D7A005FCAF2 /* Release */ = {
			isa = XCBuildConfiguration;
			buildSettings = {
				ALWAYS_SEARCH_USER_PATHS = NO;
				CLANG_ANALYZER_NONNULL = YES;
				CLANG_ANALYZER_NUMBER_OBJECT_CONVERSION = YES_AGGRESSIVE;
				CLANG_CXX_LANGUAGE_STANDARD = "gnu++17";
				CLANG_ENABLE_MODULES = YES;
				CLANG_ENABLE_OBJC_ARC = YES;
				CLANG_ENABLE_OBJC_WEAK = YES;
				CLANG_WARN_BLOCK_CAPTURE_AUTORELEASING = YES;
				CLANG_WARN_BOOL_CONVERSION = YES;
				CLANG_WARN_COMMA = YES;
				CLANG_WARN_CONSTANT_CONVERSION = YES;
				CLANG_WARN_DEPRECATED_OBJC_IMPLEMENTATIONS = YES;
				CLANG_WARN_DIRECT_OBJC_ISA_USAGE = YES_ERROR;
				CLANG_WARN_DOCUMENTATION_COMMENTS = YES;
				CLANG_WARN_EMPTY_BODY = YES;
				CLANG_WARN_ENUM_CONVERSION = YES;
				CLANG_WARN_INFINITE_RECURSION = YES;
				CLANG_WARN_INT_CONVERSION = YES;
				CLANG_WARN_NON_LITERAL_NULL_CONVERSION = YES;
				CLANG_WARN_OBJC_IMPLICIT_RETAIN_SELF = YES;
				CLANG_WARN_OBJC_LITERAL_CONVERSION = YES;
				CLANG_WARN_OBJC_ROOT_CLASS = YES_ERROR;
				CLANG_WARN_QUOTED_INCLUDE_IN_FRAMEWORK_HEADER = YES;
				CLANG_WARN_RANGE_LOOP_ANALYSIS = YES;
				CLANG_WARN_STRICT_PROTOTYPES = YES;
				CLANG_WARN_SUSPICIOUS_MOVE = YES;
				CLANG_WARN_UNGUARDED_AVAILABILITY = YES_AGGRESSIVE;
				CLANG_WARN_UNREACHABLE_CODE = YES;
				CLANG_WARN__DUPLICATE_METHOD_MATCH = YES;
				COPY_PHASE_STRIP = NO;
				DEBUG_INFORMATION_FORMAT = "dwarf-with-dsym";
				ENABLE_NS_ASSERTIONS = NO;
				ENABLE_STRICT_OBJC_MSGSEND = YES;
				GCC_C_LANGUAGE_STANDARD = gnu11;
				GCC_NO_COMMON_BLOCKS = YES;
				GCC_WARN_64_TO_32_BIT_CONVERSION = YES;
				GCC_WARN_ABOUT_RETURN_TYPE = YES_ERROR;
				GCC_WARN_UNDECLARED_SELECTOR = YES;
				GCC_WARN_UNINITIALIZED_AUTOS = YES_AGGRESSIVE;
				GCC_WARN_UNUSED_FUNCTION = YES;
				GCC_WARN_UNUSED_VARIABLE = YES;
				IPHONEOS_DEPLOYMENT_TARGET = 15.5;
				MTL_ENABLE_DEBUG_INFO = NO;
				MTL_FAST_MATH = YES;
				SDKROOT = iphoneos;
				SWIFT_COMPILATION_MODE = wholemodule;
				SWIFT_OPTIMIZATION_LEVEL = "-O";
				VALIDATE_PRODUCT = YES;
			};
			name = Release;
		};
		BFD2BB5828763D7A005FCAF2 /* Debug */ = {
			isa = XCBuildConfiguration;
			buildSettings = {
				ASSETCATALOG_COMPILER_APPICON_NAME = AppIcon;
				ASSETCATALOG_COMPILER_GLOBAL_ACCENT_COLOR_NAME = AccentColor;
				CODE_SIGN_STYLE = Automatic;
				CURRENT_PROJECT_VERSION = 1;
				DEVELOPMENT_ASSET_PATHS = "\"Spellingly/Preview Content\"";
				DEVELOPMENT_TEAM = 6E8JQ66NR8;
				ENABLE_PREVIEWS = YES;
				GENERATE_INFOPLIST_FILE = YES;
				INFOPLIST_KEY_UIApplicationSceneManifest_Generation = YES;
				INFOPLIST_KEY_UIApplicationSupportsIndirectInputEvents = YES;
				INFOPLIST_KEY_UILaunchScreen_Generation = YES;
				INFOPLIST_KEY_UISupportedInterfaceOrientations_iPad = "UIInterfaceOrientationPortrait UIInterfaceOrientationPortraitUpsideDown UIInterfaceOrientationLandscapeLeft UIInterfaceOrientationLandscapeRight";
				INFOPLIST_KEY_UISupportedInterfaceOrientations_iPhone = "UIInterfaceOrientationPortrait UIInterfaceOrientationLandscapeLeft UIInterfaceOrientationLandscapeRight";
				LD_RUNPATH_SEARCH_PATHS = (
					"$(inherited)",
					"@executable_path/Frameworks",
				);
				MARKETING_VERSION = 1.0;
				PRODUCT_BUNDLE_IDENTIFIER = it.kumo.Spellingly;
				PRODUCT_NAME = Spellingly;
				SWIFT_EMIT_LOC_STRINGS = YES;
				SWIFT_VERSION = 5.0;
				TARGETED_DEVICE_FAMILY = "1,2";
			};
			name = Debug;
		};
		BFD2BB5928763D7A005FCAF2 /* Release */ = {
			isa = XCBuildConfiguration;
			buildSettings = {
				ASSETCATALOG_COMPILER_APPICON_NAME = AppIcon;
				ASSETCATALOG_COMPILER_GLOBAL_ACCENT_COLOR_NAME = AccentColor;
				CODE_SIGN_STYLE = Automatic;
				CURRENT_PROJECT_VERSION = 1;
				DEVELOPMENT_ASSET_PATHS = "\"Spellingly/Preview Content\"";
				DEVELOPMENT_TEAM = 6E8JQ66NR8;
				ENABLE_PREVIEWS = YES;
				GENERATE_INFOPLIST_FILE = YES;
				INFOPLIST_KEY_UIApplicationSceneManifest_Generation = YES;
				INFOPLIST_KEY_UIApplicationSupportsIndirectInputEvents = YES;
				INFOPLIST_KEY_UILaunchScreen_Generation = YES;
				INFOPLIST_KEY_UISupportedInterfaceOrientations_iPad = "UIInterfaceOrientationPortrait UIInterfaceOrientationPortraitUpsideDown UIInterfaceOrientationLandscapeLeft UIInterfaceOrientationLandscapeRight";
				INFOPLIST_KEY_UISupportedInterfaceOrientations_iPhone = "UIInterfaceOrientationPortrait UIInterfaceOrientationLandscapeLeft UIInterfaceOrientationLandscapeRight";
				LD_RUNPATH_SEARCH_PATHS = (
					"$(inherited)",
					"@executable_path/Frameworks",
				);
				MARKETING_VERSION = 1.0;
				PRODUCT_BUNDLE_IDENTIFIER = it.kumo.Spellingly;
				PRODUCT_NAME = Spellingly;
				SWIFT_EMIT_LOC_STRINGS = YES;
				SWIFT_VERSION = 5.0;
				TARGETED_DEVICE_FAMILY = "1,2";
			};
			name = Release;
		};
/* End XCBuildConfiguration section */

/* Begin XCConfigurationList section */
		BFD2BB4428763D77005FCAF2 /* Build configuration list for PBXProject "Spellingly" */ = {
			isa = XCConfigurationList;
			buildConfigurations = (
				BFD2BB5528763D7A005FCAF2 /* Debug */,
				BFD2BB5628763D7A005FCAF2 /* Release */,
			);
			defaultConfigurationIsVisible = 0;
			defaultConfigurationName = Release;
		};
		BFD2BB5728763D7A005FCAF2 /* Build configuration list for PBXNativeTarget "Spellingly" */ = {
			isa = XCConfigurationList;
			buildConfigurations = (
				BFD2BB5828763D7A005FCAF2 /* Debug */,
				BFD2BB5928763D7A005FCAF2 /* Release */,
			);
			defaultConfigurationIsVisible = 0;
			defaultConfigurationName = Release;
		};
/* End XCConfigurationList section */

/* Begin XCRemoteSwiftPackageReference section */
		BFB3811628873E8F002E6428 /* XCRemoteSwiftPackageReference "purchases-ios" */ = {
			isa = XCRemoteSwiftPackageReference;
			repositoryURL = "https://github.com/RevenueCat/purchases-ios.git";
			requirement = {
				kind = upToNextMajorVersion;
				minimumVersion = 4.0.0;
			};
		};
/* End XCRemoteSwiftPackageReference section */

/* Begin XCSwiftPackageProductDependency section */
		BFB3811728873E8F002E6428 /* RevenueCat */ = {
			isa = XCSwiftPackageProductDependency;
			package = BFB3811628873E8F002E6428 /* XCRemoteSwiftPackageReference "purchases-ios" */;
			productName = RevenueCat;
		};
/* End XCSwiftPackageProductDependency section */
	};
	rootObject = BFD2BB4128763D77005FCAF2 /* Project object */;
}
